dependencies:
- name: elasticsearch
  repository: https://helm.elastic.co
  version: 6.8.13
- name: mongodb
  repository: https://charts.bitnami.com/bitnami
  version: 10.0.5
digest: sha256:b1def5bc39155dba69b862404d3e2a1746915f88f555a5b6fad7400bb47068eb
generated: "2020-11-26T16:21:34.955067407+01:00"
